github.com/JCPrice0024/lic-testRepo1 v0.0.0-20221229205625-2c7f453ff38b h1:R3MDXzDyW+iWW3sBGQAhNfCm23ApSX5S7VfYVTG42z8=
github.com/JCPrice0024/lic-testRepo1 v0.0.0-20221229205625-2c7f453ff38b/go.mod h1:sISu5352ycDvxqkBlOuGUuL54wuc+afaS3YJQXDpcZg=
github.com/JCPrice0024/lic-testRepo3 v0.0.0-20221229205528-f34bd2e42a43 h1:WA0gnTcWxhZiv33GTMZzH3WHNNvluAFN/XlaKp1H9U8=
github.com/JCPrice0024/lic-testRepo3 v0.0.0-20221229205528-f34bd2e42a43/go.mod h1:buDfYiimqn13nxgji2LjTMNLJn5qizKaCqiQNoU7mLQ=
